
Microsoft Visual Studio Solution File, Format Version 12.00
# Visual Studio Version 17
VisualStudioVersion = 17.8.34330.188
MinimumVisualStudioVersion = 10.0.40219.1
Project("{8BC9CEB8-8B4A-11D0-8D11-00A0C91BC942}") = "labcuda", "labcuda\labcuda.vcxproj", "{83E64E03-A53A-4B4A-AF5B-825097D7D816}"
EndProject
Global
	GlobalSection(SolutionConfigurationPlatforms) = preSolution
		Debug|x64 = Debug|x64
		Release|x64 = Release|x64
	EndGlobalSection
	GlobalSection(ProjectConfigurationPlatforms) = postSolution
		{83E64E03-A53A-4B4A-AF5B-825097D7D816}.Debug|x64.ActiveCfg = Debug|x64
		{83E64E03-A53A-4B4A-AF5B-825097D7D816}.Debug|x64.Build.0 = Debug|x64
		{83E64E03-A53A-4B4A-AF5B-825097D7D816}.Release|x64.ActiveCfg = Release|x64
		{83E64E03-A53A-4B4A-AF5B-825097D7D816}.Release|x64.Build.0 = Release|x64
	EndGlobalSection
	GlobalSection(SolutionProperties) = preSolution
		HideSolutionNode = FALSE
	EndGlobalSection
	GlobalSection(ExtensibilityGlobals) = postSolution
		SolutionGuid = {909E95DE-E2F4-4439-BDE6-E6FC0E644AE1}
	EndGlobalSection
EndGlobal
